# This file is automatically @generated by Poetry 1.8.5 and should not be changed by hand.

[[package]]
name = "hanzipy"
version = "1.0.4"
description = "Hanzi decomposition and dictionary"
optional = false
python-versions = "*"
files = [
    {file = "hanzipy-1.0.4.tar.gz", hash = "sha256:95713a887695e8f3f053e5b8593e845f457c5aeed35cf04d726c7f5acb104227"},
]

[package.extras]
dev = ["coverage", "pytest (>=3.10)"]
dev-test = ["coverage", "pytest (>=3.10)"]

[metadata]
lock-version = "2.0"
python-versions = "^3.12"
content-hash = "904d05e5aac771f980aa4c9816bd34d7b3faaf1cc6916d66335500fafba08a85"
